
Microsoft Visual Studio Solution File, Format Version 12.00
# Visual Studio Version 17
VisualStudioVersion = 17.11.35222.181
MinimumVisualStudioVersion = 10.0.40219.1
Project("{8BC9CEB8-8B4A-11D0-8D11-00A0C91BC942}") = "hw", "hw.vcxproj", "{E81C62D7-E706-4D89-BCD3-EE1611D3864C}"
EndProject
Global
	GlobalSection(SolutionConfigurationPlatforms) = preSolution
		Debug|x64 = Debug|x64
		Debug|x86 = Debug|x86
		Release|x64 = Release|x64
		Release|x86 = Release|x86
	EndGlobalSection
	GlobalSection(ProjectConfigurationPlatforms) = postSolution
		{E81C62D7-E706-4D89-BCD3-EE1611D3864C}.Debug|x64.ActiveCfg = Debug|x64
		{E81C62D7-E706-4D89-BCD3-EE1611D3864C}.Debug|x64.Build.0 = Debug|x64
		{E81C62D7-E706-4D89-BCD3-EE1611D3864C}.Debug|x86.ActiveCfg = Debug|Win32
		{E81C62D7-E706-4D89-BCD3-EE1611D3864C}.Debug|x86.Build.0 = Debug|Win32
		{E81C62D7-E706-4D89-BCD3-EE1611D3864C}.Release|x64.ActiveCfg = Release|x64
		{E81C62D7-E706-4D89-BCD3-EE1611D3864C}.Release|x64.Build.0 = Release|x64
		{E81C62D7-E706-4D89-BCD3-EE1611D3864C}.Release|x86.ActiveCfg = Release|Win32
		{E81C62D7-E706-4D89-BCD3-EE1611D3864C}.Release|x86.Build.0 = Release|Win32
	EndGlobalSection
	GlobalSection(SolutionProperties) = preSolution
		HideSolutionNode = FALSE
	EndGlobalSection
	GlobalSection(ExtensibilityGlobals) = postSolution
		SolutionGuid = {CC23AD38-A120-499D-8FDA-6484CA89763F}
	EndGlobalSection
EndGlobal
